
Microsoft Visual Studio Solution File, Format Version 12.00
# Visual Studio 15
VisualStudioVersion = 15.0.28307.960
MinimumVisualStudioVersion = 10.0.40219.1
Project("{8BC9CEB8-8B4A-11D0-8D11-00A0C91BC942}") = "Car_game", "Car_game\Car_game.vcxproj", "{68773361-9335-43C4-931D-C184AF1E2528}"
EndProject
Global
	GlobalSection(SolutionConfigurationPlatforms) = preSolution
		Debug|x64 = Debug|x64
		Debug|x86 = Debug|x86
		Release|x64 = Release|x64
		Release|x86 = Release|x86
	EndGlobalSection
	GlobalSection(ProjectConfigurationPlatforms) = postSolution
		{68773361-9335-43C4-931D-C184AF1E2528}.Debug|x64.ActiveCfg = Debug|x64
		{68773361-9335-43C4-931D-C184AF1E2528}.Debug|x64.Build.0 = Debug|x64
		{68773361-9335-43C4-931D-C184AF1E2528}.Debug|x86.ActiveCfg = Debug|Win32
		{68773361-9335-43C4-931D-C184AF1E2528}.Debug|x86.Build.0 = Debug|Win32
		{68773361-9335-43C4-931D-C184AF1E2528}.Release|x64.ActiveCfg = Release|x64
		{68773361-9335-43C4-931D-C184AF1E2528}.Release|x64.Build.0 = Release|x64
		{68773361-9335-43C4-931D-C184AF1E2528}.Release|x86.ActiveCfg = Release|Win32
		{68773361-9335-43C4-931D-C184AF1E2528}.Release|x86.Build.0 = Release|Win32
	EndGlobalSection
	GlobalSection(SolutionProperties) = preSolution
		HideSolutionNode = FALSE
	EndGlobalSection
	GlobalSection(ExtensibilityGlobals) = postSolution
		SolutionGuid = {D1E73F0B-8788-40C2-A312-32B0CDC22331}
	EndGlobalSection
EndGlobal
